// !$*UTF8*$!
{
	archiveVersion = 1;
	classes = {
	};
	objectVersion = 55;
	objects = {

/* Begin PBXBuildFile section */
		EB5319F928B8BC7800966574 /* AppDelegate.swift in Sources */ = {isa = PBXBuildFile; fileRef = EB5319F828B8BC7800966574 /* AppDelegate.swift */; };
		EB5319FB28B8BC7800966574 /* SceneDelegate.swift in Sources */ = {isa = PBXBuildFile; fileRef = EB5319FA28B8BC7800966574 /* SceneDelegate.swift */; };
		EB5319FD28B8BC7800966574 /* ViewController.swift in Sources */ = {isa = PBXBuildFile; fileRef = EB5319FC28B8BC7800966574 /* ViewController.swift */; };
		EB531A0028B8BC7800966574 /* Main.storyboard in Resources */ = {isa = PBXBuildFile; fileRef = EB5319FE28B8BC7800966574 /* Main.storyboard */; };
		EB531A0228B8BC7800966574 /* Assets.xcassets in Resources */ = {isa = PBXBuildFile; fileRef = EB531A0128B8BC7800966574 /* Assets.xcassets */; };
		EB531A0528B8BC7800966574 /* LaunchScreen.storyboard in Resources */ = {isa = PBXBuildFile; fileRef = EB531A0328B8BC7800966574 /* LaunchScreen.storyboard */; };
		EB531A1028B8BC7800966574 /* MentorBookTests.swift in Sources */ = {isa = PBXBuildFile; fileRef = EB531A0F28B8BC7800966574 /* MentorBookTests.swift */; };
		EB531A1A28B8BC7800966574 /* MentorBookUITests.swift in Sources */ = {isa = PBXBuildFile; fileRef = EB531A1928B8BC7800966574 /* MentorBookUITests.swift */; };
		EB531A1C28B8BC7800966574 /* MentorBookUITestsLaunchTests.swift in Sources */ = {isa = PBXBuildFile; fileRef = EB531A1B28B8BC7800966574 /* MentorBookUITestsLaunchTests.swift */; };
		EB531A2C28B8BCB900966574 /* ryo.jpg in Resources */ = {isa = PBXBuildFile; fileRef = EB531A2928B8BCB900966574 /* ryo.jpg */; };
		EB531A2D28B8BCB900966574 /* nagata.jpg in Resources */ = {isa = PBXBuildFile; fileRef = EB531A2A28B8BCB900966574 /* nagata.jpg */; };
		EB531A2E28B8BCB900966574 /* taithi.jpg in Resources */ = {isa = PBXBuildFile; fileRef = EB531A2B28B8BCB900966574 /* taithi.jpg */; };
		EB531A3028B8C6CA00966574 /* Mentor.swift in Sources */ = {isa = PBXBuildFile; fileRef = EB531A2F28B8C6CA00966574 /* Mentor.swift */; };
/* End PBXBuildFile section */

/* Begin PBXContainerItemProxy section */
		EB531A0C28B8BC7800966574 /* PBXContainerItemProxy */ = {
			isa = PBXContainerItemProxy;
			containerPortal = EB5319ED28B8BC7700966574 /* Project object */;
			proxyType = 1;
			remoteGlobalIDString = EB5319F428B8BC7700966574;
			remoteInfo = MentorBook;
		};
		EB531A1628B8BC7800966574 /* PBXContainerItemProxy */ = {
			isa = PBXContainerItemProxy;
			containerPortal = EB5319ED28B8BC7700966574 /* Project object */;
			proxyType = 1;
			remoteGlobalIDString = EB5319F428B8BC7700966574;
			remoteInfo = MentorBook;
		};
/* End PBXContainerItemProxy section */

/* Begin PBXFileReference section */
		EB5319F528B8BC7700966574 /* MentorBook.app */ = {isa = PBXFileReference; explicitFileType = wrapper.application; includeInIndex = 0; path = MentorBook.app; sourceTree = BUILT_PRODUCTS_DIR; };
		EB5319F828B8BC7800966574 /* AppDelegate.swift */ = {isa = PBXFileReference; lastKnownFileType = sourcecode.swift; path = AppDelegate.swift; sourceTree = "<group>"; };
		EB5319FA28B8BC7800966574 /* SceneDelegate.swift */ = {isa = PBXFileReference; lastKnownFileType = sourcecode.swift; path = SceneDelegate.swift; sourceTree = "<group>"; };
		EB5319FC28B8BC7800966574 /* ViewController.swift */ = {isa = PBXFileReference; lastKnownFileType = sourcecode.swift; path = ViewController.swift; sourceTree = "<group>"; };
		EB5319FF28B8BC7800966574 /* Base */ = {isa = PBXFileReference; lastKnownFileType = file.storyboard; name = Base; path = Base.lproj/Main.storyboard; sourceTree = "<group>"; };
		EB531A0128B8BC7800966574 /* Assets.xcassets */ = {isa = PBXFileReference; lastKnownFileType = folder.assetcatalog; path = Assets.xcassets; sourceTree = "<group>"; };
		EB531A0428B8BC7800966574 /* Base */ = {isa = PBXFileReference; lastKnownFileType = file.storyboard; name = Base; path = Base.lproj/LaunchScreen.storyboard; sourceTree = "<group>"; };
		EB531A0628B8BC7800966574 /* Info.plist */ = {isa = PBXFileReference; lastKnownFileType = text.plist.xml; path = Info.plist; sourceTree = "<group>"; };
		EB531A0B28B8BC7800966574 /* MentorBookTests.xctest */ = {isa = PBXFileReference; explicitFileType = wrapper.cfbundle; includeInIndex = 0; path = MentorBookTests.xctest; sourceTree = BUILT_PRODUCTS_DIR; };
		EB531A0F28B8BC7800966574 /* MentorBookTests.swift */ = {isa = PBXFileReference; lastKnownFileType = sourcecode.swift; path = MentorBookTests.swift; sourceTree = "<group>"; };
		EB531A1528B8BC7800966574 /* MentorBookUITests.xctest */ = {isa = PBXFileReference; explicitFileType = wrapper.cfbundle; includeInIndex = 0; path = MentorBookUITests.xctest; sourceTree = BUILT_PRODUCTS_DIR; };
		EB531A1928B8BC7800966574 /* MentorBookUITests.swift */ = {isa = PBXFileReference; lastKnownFileType = sourcecode.swift; path = MentorBookUITests.swift; sourceTree = "<group>"; };
		EB531A1B28B8BC7800966574 /* MentorBookUITestsLaunchTests.swift */ = {isa = PBXFileReference; lastKnownFileType = sourcecode.swift; path = MentorBookUITestsLaunchTests.swift; sourceTree = "<group>"; };
		EB531A2928B8BCB900966574 /* ryo.jpg */ = {isa = PBXFileReference; lastKnownFileType = image.jpeg; path = ryo.jpg; sourceTree = "<group>"; };
		EB531A2A28B8BCB900966574 /* nagata.jpg */ = {isa = PBXFileReference; lastKnownFileType = image.jpeg; path = nagata.jpg; sourceTree = "<group>"; };
		EB531A2B28B8BCB900966574 /* taithi.jpg */ = {isa = PBXFileReference; lastKnownFileType = image.jpeg; path = taithi.jpg; sourceTree = "<group>"; };
		EB531A2F28B8C6CA00966574 /* Mentor.swift */ = {isa = PBXFileReference; lastKnownFileType = sourcecode.swift; path = Mentor.swift; sourceTree = "<group>"; };
/* End PBXFileReference section */

/* Begin PBXFrameworksBuildPhase section */
		EB5319F228B8BC7700966574 /* Frameworks */ = {
			isa = PBXFrameworksBuildPhase;
			buildActionMask = 2147483647;
			files = (
			);
			runOnlyForDeploymentPostprocessing = 0;
		};
		EB531A0828B8BC7800966574 /* Frameworks */ = {
			isa = PBXFrameworksBuildPhase;
			buildActionMask = 2147483647;
			files = (
			);
			runOnlyForDeploymentPostprocessing = 0;
		};
		EB531A1228B8BC7800966574 /* Frameworks */ = {
			isa = PBXFrameworksBuildPhase;
			buildActionMask = 2147483647;
			files = (
			);
			runOnlyForDeploymentPostprocessing = 0;
		};
/* End PBXFrameworksBuildPhase section */

/* Begin PBXGroup section */
		EB5319EC28B8BC7700966574 = {
			isa = PBXGroup;
			children = (
				EB5319F728B8BC7800966574 /* MentorBook */,
				EB531A0E28B8BC7800966574 /* MentorBookTests */,
				EB531A1828B8BC7800966574 /* MentorBookUITests */,
				EB5319F628B8BC7700966574 /* Products */,
			);
			sourceTree = "<group>";
		};
		EB5319F628B8BC7700966574 /* Products */ = {
			isa = PBXGroup;
			children = (
				EB5319F528B8BC7700966574 /* MentorBook.app */,
				EB531A0B28B8BC7800966574 /* MentorBookTests.xctest */,
				EB531A1528B8BC7800966574 /* MentorBookUITests.xctest */,
			);
			name = Products;
			sourceTree = "<group>";
		};
		EB5319F728B8BC7800966574 /* MentorBook */ = {
			isa = PBXGroup;
			children = (
				EB531A2828B8BCB900966574 /* images */,
				EB5319F828B8BC7800966574 /* AppDelegate.swift */,
				EB5319FA28B8BC7800966574 /* SceneDelegate.swift */,
				EB5319FC28B8BC7800966574 /* ViewController.swift */,
				EB5319FE28B8BC7800966574 /* Main.storyboard */,
				EB531A0128B8BC7800966574 /* Assets.xcassets */,
				EB531A0328B8BC7800966574 /* LaunchScreen.storyboard */,
				EB531A0628B8BC7800966574 /* Info.plist */,
				EB531A2F28B8C6CA00966574 /* Mentor.swift */,
			);
			path = MentorBook;
			sourceTree = "<group>";
		};
		EB531A0E28B8BC7800966574 /* MentorBookTests */ = {
			isa = PBXGroup;
			children = (
				EB531A0F28B8BC7800966574 /* MentorBookTests.swift */,
			);
			path = MentorBookTests;
			sourceTree = "<group>";
		};
		EB531A1828B8BC7800966574 /* MentorBookUITests */ = {
			isa = PBXGroup;
			children = (
				EB531A1928B8BC7800966574 /* MentorBookUITests.swift */,
				EB531A1B28B8BC7800966574 /* MentorBookUITestsLaunchTests.swift */,
			);
			path = MentorBookUITests;
			sourceTree = "<group>";
		};
		EB531A2828B8BCB900966574 /* images */ = {
			isa = PBXGroup;
			children = (
				EB531A2928B8BCB900966574 /* ryo.jpg */,
				EB531A2A28B8BCB900966574 /* nagata.jpg */,
				EB531A2B28B8BCB900966574 /* taithi.jpg */,
			);
			path = images;
			sourceTree = "<group>";
		};
/* End PBXGroup section */

/* Begin PBXNativeTarget section */
		EB5319F428B8BC7700966574 /* MentorBook */ = {
			isa = PBXNativeTarget;
			buildConfigurationList = EB531A1F28B8BC7800966574 /* Build configuration list for PBXNativeTarget "MentorBook" */;
			buildPhases = (
				EB5319F128B8BC7700966574 /* Sources */,
				EB5319F228B8BC7700966574 /* Frameworks */,
				EB5319F328B8BC7700966574 /* Resources */,
			);
			buildRules = (
			);
			dependencies = (
			);
			name = MentorBook;
			productName = MentorBook;
			productReference = EB5319F528B8BC7700966574 /* MentorBook.app */;
			productType = "com.apple.product-type.application";
		};
		EB531A0A28B8BC7800966574 /* MentorBookTests */ = {
			isa = PBXNativeTarget;
			buildConfigurationList = EB531A2228B8BC7800966574 /* Build configuration list for PBXNativeTarget "MentorBookTests" */;
			buildPhases = (
				EB531A0728B8BC7800966574 /* Sources */,
				EB531A0828B8BC7800966574 /* Frameworks */,
				EB531A0928B8BC7800966574 /* Resources */,
			);
			buildRules = (
			);
			dependencies = (
				EB531A0D28B8BC7800966574 /* PBXTargetDependency */,
			);
			name = MentorBookTests;
			productName = MentorBookTests;
			productReference = EB531A0B28B8BC7800966574 /* MentorBookTests.xctest */;
			productType = "com.apple.product-type.bundle.unit-test";
		};
		EB531A1428B8BC7800966574 /* MentorBookUITests */ = {
			isa = PBXNativeTarget;
			buildConfigurationList = EB531A2528B8BC7800966574 /* Build configuration list for PBXNativeTarget "MentorBookUITests" */;
			buildPhases = (
				EB531A1128B8BC7800966574 /* Sources */,
				EB531A1228B8BC7800966574 /* Frameworks */,
				EB531A1328B8BC7800966574 /* Resources */,
			);
			buildRules = (
			);
			dependencies = (
				EB531A1728B8BC7800966574 /* PBXTargetDependency */,
			);
			name = MentorBookUITests;
			productName = MentorBookUITests;
			productReference = EB531A1528B8BC7800966574 /* MentorBookUITests.xctest */;
			productType = "com.apple.product-type.bundle.ui-testing";
		};
/* End PBXNativeTarget section */

/* Begin PBXProject section */
		EB5319ED28B8BC7700966574 /* Project object */ = {
			isa = PBXProject;
			attributes = {
				BuildIndependentTargetsInParallel = 1;
				LastSwiftUpdateCheck = 1340;
				LastUpgradeCheck = 1340;
				TargetAttributes = {
					EB5319F428B8BC7700966574 = {
						CreatedOnToolsVersion = 13.4.1;
					};
					EB531A0A28B8BC7800966574 = {
						CreatedOnToolsVersion = 13.4.1;
						TestTargetID = EB5319F428B8BC7700966574;
					};
					EB531A1428B8BC7800966574 = {
						CreatedOnToolsVersion = 13.4.1;
						TestTargetID = EB5319F428B8BC7700966574;
					};
				};
			};
			buildConfigurationList = EB5319F028B8BC7700966574 /* Build configuration list for PBXProject "MentorBook" */;
			compatibilityVersion = "Xcode 13.0";
			developmentRegion = en;
			hasScannedForEncodings = 0;
			knownRegions = (
				en,
				Base,
			);
			mainGroup = EB5319EC28B8BC7700966574;
			productRefGroup = EB5319F628B8BC7700966574 /* Products */;
			projectDirPath = "";
			projectRoot = "";
			targets = (
				EB5319F428B8BC7700966574 /* MentorBook */,
				EB531A0A28B8BC7800966574 /* MentorBookTests */,
				EB531A1428B8BC7800966574 /* MentorBookUITests */,
			);
		};
/* End PBXProject section */

/* Begin PBXResourcesBuildPhase section */
		EB5319F328B8BC7700966574 /* Resources */ = {
			isa = PBXResourcesBuildPhase;
			buildActionMask = 2147483647;
			files = (
				EB531A2E28B8BCB900966574 /* taithi.jpg in Resources */,
				EB531A2C28B8BCB900966574 /* ryo.jpg in Resources */,
				EB531A2D28B8BCB900966574 /* nagata.jpg in Resources */,
				EB531A0528B8BC7800966574 /* LaunchScreen.storyboard in Resources */,
				EB531A0228B8BC7800966574 /* Assets.xcassets in Resources */,
				EB531A0028B8BC7800966574 /* Main.storyboard in Resources */,
			);
			runOnlyForDeploymentPostprocessing = 0;
		};
		EB531A0928B8BC7800966574 /* Resources */ = {
			isa = PBXResourcesBuildPhase;
			buildActionMask = 2147483647;
			files = (
			);
			runOnlyForDeploymentPostprocessing = 0;
		};
		EB531A1328B8BC7800966574 /* Resources */ = {
			isa = PBXResourcesBuildPhase;
			buildActionMask = 2147483647;
			files = (
			);
			runOnlyForDeploymentPostprocessing = 0;
		};
/* End PBXResourcesBuildPhase section */

/* Begin PBXSourcesBuildPhase section */
		EB5319F128B8BC7700966574 /* Sources */ = {
			isa = PBXSourcesBuildPhase;
			buildActionMask = 2147483647;
			files = (
				EB531A3028B8C6CA00966574 /* Mentor.swift in Sources */,
				EB5319FD28B8BC7800966574 /* ViewController.swift in Sources */,
				EB5319F928B8BC7800966574 /* AppDelegate.swift in Sources */,
				EB5319FB28B8BC7800966574 /* SceneDelegate.swift in Sources */,
			);
			runOnlyForDeploymentPostprocessing = 0;
		};
		EB531A0728B8BC7800966574 /* Sources */ = {
			isa = PBXSourcesBuildPhase;
			buildActionMask = 2147483647;
			files = (
				EB531A1028B8BC7800966574 /* MentorBookTests.swift in Sources */,
			);
			runOnlyForDeploymentPostprocessing = 0;
		};
		EB531A1128B8BC7800966574 /* Sources */ = {
			isa = PBXSourcesBuildPhase;
			buildActionMask = 2147483647;
			files = (
				EB531A1C28B8BC7800966574 /* MentorBookUITestsLaunchTests.swift in Sources */,
				EB531A1A28B8BC7800966574 /* MentorBookUITests.swift in Sources */,
			);
			runOnlyForDeploymentPostprocessing = 0;
		};
/* End PBXSourcesBuildPhase section */

/* Begin PBXTargetDependency section */
		EB531A0D28B8BC7800966574 /* PBXTargetDependency */ = {
			isa = PBXTargetDependency;
			target = EB5319F428B8BC7700966574 /* MentorBook */;
			targetProxy = EB531A0C28B8BC7800966574 /* PBXContainerItemProxy */;
		};
		EB531A1728B8BC7800966574 /* PBXTargetDependency */ = {
			isa = PBXTargetDependency;
			target = EB5319F428B8BC7700966574 /* MentorBook */;
			targetProxy = EB531A1628B8BC7800966574 /* PBXContainerItemProxy */;
		};
/* End PBXTargetDependency section */

/* Begin PBXVariantGroup section */
		EB5319FE28B8BC7800966574 /* Main.storyboard */ = {
			isa = PBXVariantGroup;
			children = (
				EB5319FF28B8BC7800966574 /* Base */,
			);
			name = Main.storyboard;
			sourceTree = "<group>";
		};
		EB531A0328B8BC7800966574 /* LaunchScreen.storyboard */ = {
			isa = PBXVariantGroup;
			children = (
				EB531A0428B8BC7800966574 /* Base */,
			);
			name = LaunchScreen.storyboard;
			sourceTree = "<group>";
		};
/* End PBXVariantGroup section */

/* Begin XCBuildConfiguration section */
		EB531A1D28B8BC7800966574 /* Debug */ = {
			isa = XCBuildConfiguration;
			buildSettings = {
				ALWAYS_SEARCH_USER_PATHS = NO;
				CLANG_ANALYZER_NONNULL = YES;
				CLANG_ANALYZER_NUMBER_OBJECT_CONVERSION = YES_AGGRESSIVE;
				CLANG_CXX_LANGUAGE_STANDARD = "gnu++17";
				CLANG_ENABLE_MODULES = YES;
				CLANG_ENABLE_OBJC_ARC = YES;
				CLANG_ENABLE_OBJC_WEAK = YES;
				CLANG_WARN_BLOCK_CAPTURE_AUTORELEASING = YES;
				CLANG_WARN_BOOL_CONVERSION = YES;
				CLANG_WARN_COMMA = YES;
				CLANG_WARN_CONSTANT_CONVERSION = YES;
				CLANG_WARN_DEPRECATED_OBJC_IMPLEMENTATIONS = YES;
				CLANG_WARN_DIRECT_OBJC_ISA_USAGE = YES_ERROR;
				CLANG_WARN_DOCUMENTATION_COMMENTS = YES;
				CLANG_WARN_EMPTY_BODY = YES;
				CLANG_WARN_ENUM_CONVERSION = YES;
				CLANG_WARN_INFINITE_RECURSION = YES;
				CLANG_WARN_INT_CONVERSION = YES;
				CLANG_WARN_NON_LITERAL_NULL_CONVERSION = YES;
				CLANG_WARN_OBJC_IMPLICIT_RETAIN_SELF = YES;
				CLANG_WARN_OBJC_LITERAL_CONVERSION = YES;
				CLANG_WARN_OBJC_ROOT_CLASS = YES_ERROR;
				CLANG_WARN_QUOTED_INCLUDE_IN_FRAMEWORK_HEADER = YES;
				CLANG_WARN_RANGE_LOOP_ANALYSIS = YES;
				CLANG_WARN_STRICT_PROTOTYPES = YES;
				CLANG_WARN_SUSPICIOUS_MOVE = YES;
				CLANG_WARN_UNGUARDED_AVAILABILITY = YES_AGGRESSIVE;
				CLANG_WARN_UNREACHABLE_CODE = YES;
				CLANG_WARN__DUPLICATE_METHOD_MATCH = YES;
				COPY_PHASE_STRIP = NO;
				DEBUG_INFORMATION_FORMAT = dwarf;
				ENABLE_STRICT_OBJC_MSGSEND = YES;
				ENABLE_TESTABILITY = YES;
				GCC_C_LANGUAGE_STANDARD = gnu11;
				GCC_DYNAMIC_NO_PIC = NO;
				GCC_NO_COMMON_BLOCKS = YES;
				GCC_OPTIMIZATION_LEVEL = 0;
				GCC_PREPROCESSOR_DEFINITIONS = (
					"DEBUG=1",
					"$(inherited)",
				);
				GCC_WARN_64_TO_32_BIT_CONVERSION = YES;
				GCC_WARN_ABOUT_RETURN_TYPE = YES_ERROR;
				GCC_WARN_UNDECLARED_SELECTOR = YES;
				GCC_WARN_UNINITIALIZED_AUTOS = YES_AGGRESSIVE;
				GCC_WARN_UNUSED_FUNCTION = YES;
				GCC_WARN_UNUSED_VARIABLE = YES;
				IPHONEOS_DEPLOYMENT_TARGET = 15.5;
				MTL_ENABLE_DEBUG_INFO = INCLUDE_SOURCE;
				MTL_FAST_MATH = YES;
				ONLY_ACTIVE_ARCH = YES;
				SDKROOT = iphoneos;
				SWIFT_ACTIVE_COMPILATION_CONDITIONS = DEBUG;
				SWIFT_OPTIMIZATION_LEVEL = "-Onone";
			};
			name = Debug;
		};
		EB531A1E28B8BC7800966574 /* Release */ = {
			isa = XCBuildConfiguration;
			buildSettings = {
				ALWAYS_SEARCH_USER_PATHS = NO;
				CLANG_ANALYZER_NONNULL = YES;
				CLANG_ANALYZER_NUMBER_OBJECT_CONVERSION = YES_AGGRESSIVE;
				CLANG_CXX_LANGUAGE_STANDARD = "gnu++17";
				CLANG_ENABLE_MODULES = YES;
				CLANG_ENABLE_OBJC_ARC = YES;
				CLANG_ENABLE_OBJC_WEAK = YES;
				CLANG_WARN_BLOCK_CAPTURE_AUTORELEASING = YES;
				CLANG_WARN_BOOL_CONVERSION = YES;
				CLANG_WARN_COMMA = YES;
				CLANG_WARN_CONSTANT_CONVERSION = YES;
				CLANG_WARN_DEPRECATED_OBJC_IMPLEMENTATIONS = YES;
				CLANG_WARN_DIRECT_OBJC_ISA_USAGE = YES_ERROR;
				CLANG_WARN_DOCUMENTATION_COMMENTS = YES;
				CLANG_WARN_EMPTY_BODY = YES;
				CLANG_WARN_ENUM_CONVERSION = YES;
				CLANG_WARN_INFINITE_RECURSION = YES;
				CLANG_WARN_INT_CONVERSION = YES;
				CLANG_WARN_NON_LITERAL_NULL_CONVERSION = YES;
				CLANG_WARN_OBJC_IMPLICIT_RETAIN_SELF = YES;
				CLANG_WARN_OBJC_LITERAL_CONVERSION = YES;
				CLANG_WARN_OBJC_ROOT_CLASS = YES_ERROR;
				CLANG_WARN_QUOTED_INCLUDE_IN_FRAMEWORK_HEADER = YES;
				CLANG_WARN_RANGE_LOOP_ANALYSIS = YES;
				CLANG_WARN_STRICT_PROTOTYPES = YES;
				CLANG_WARN_SUSPICIOUS_MOVE = YES;
				CLANG_WARN_UNGUARDED_AVAILABILITY = YES_AGGRESSIVE;
				CLANG_WARN_UNREACHABLE_CODE = YES;
				CLANG_WARN__DUPLICATE_METHOD_MATCH = YES;
				COPY_PHASE_STRIP = NO;
				DEBUG_INFORMATION_FORMAT = "dwarf-with-dsym";
				ENABLE_NS_ASSERTIONS = NO;
				ENABLE_STRICT_OBJC_MSGSEND = YES;
				GCC_C_LANGUAGE_STANDARD = gnu11;
				GCC_NO_COMMON_BLOCKS = YES;
				GCC_WARN_64_TO_32_BIT_CONVERSION = YES;
				GCC_WARN_ABOUT_RETURN_TYPE = YES_ERROR;
				GCC_WARN_UNDECLARED_SELECTOR = YES;
				GCC_WARN_UNINITIALIZED_AUTOS = YES_AGGRESSIVE;
				GCC_WARN_UNUSED_FUNCTION = YES;
				GCC_WARN_UNUSED_VARIABLE = YES;
				IPHONEOS_DEPLOYMENT_TARGET = 15.5;
				MTL_ENABLE_DEBUG_INFO = NO;
				MTL_FAST_MATH = YES;
				SDKROOT = iphoneos;
				SWIFT_COMPILATION_MODE = wholemodule;
				SWIFT_OPTIMIZATION_LEVEL = "-O";
				VALIDATE_PRODUCT = YES;
			};
			name = Release;
		};
		EB531A2028B8BC7800966574 /* Debug */ = {
			isa = XCBuildConfiguration;
			buildSettings = {
				ASSETCATALOG_COMPILER_APPICON_NAME = AppIcon;
				ASSETCATALOG_COMPILER_GLOBAL_ACCENT_COLOR_NAME = AccentColor;
				CODE_SIGN_STYLE = Automatic;
				CURRENT_PROJECT_VERSION = 1;
				GENERATE_INFOPLIST_FILE = YES;
				INFOPLIST_FILE = MentorBook/Info.plist;
				INFOPLIST_KEY_UIApplicationSupportsIndirectInputEvents = YES;
				INFOPLIST_KEY_UILaunchStoryboardName = LaunchScreen;
				INFOPLIST_KEY_UIMainStoryboardFile = Main;
				INFOPLIST_KEY_UISupportedInterfaceOrientations_iPad = "UIInterfaceOrientationPortrait UIInterfaceOrientationPortraitUpsideDown UIInterfaceOrientationLandscapeLeft UIInterfaceOrientationLandscapeRight";
				INFOPLIST_KEY_UISupportedInterfaceOrientations_iPhone = "UIInterfaceOrientationPortrait UIInterfaceOrientationLandscapeLeft UIInterfaceOrientationLandscapeRight";
				LD_RUNPATH_SEARCH_PATHS = (
					"$(inherited)",
					"@executable_path/Frameworks",
				);
				MARKETING_VERSION = 1.0;
				PRODUCT_BUNDLE_IDENTIFIER = app.watanabe.soi.MentorBook;
				PRODUCT_NAME = "$(TARGET_NAME)";
				SWIFT_EMIT_LOC_STRINGS = YES;
				SWIFT_VERSION = 5.0;
				TARGETED_DEVICE_FAMILY = "1,2";
			};
			name = Debug;
		};
		EB531A2128B8BC7800966574 /* Release */ = {
			isa = XCBuildConfiguration;
			buildSettings = {
				ASSETCATALOG_COMPILER_APPICON_NAME = AppIcon;
				ASSETCATALOG_COMPILER_GLOBAL_ACCENT_COLOR_NAME = AccentColor;
				CODE_SIGN_STYLE = Automatic;
				CURRENT_PROJECT_VERSION = 1;
				GENERATE_INFOPLIST_FILE = YES;
				INFOPLIST_FILE = MentorBook/Info.plist;
				INFOPLIST_KEY_UIApplicationSupportsIndirectInputEvents = YES;
				INFOPLIST_KEY_UILaunchStoryboardName = LaunchScreen;
				INFOPLIST_KEY_UIMainStoryboardFile = Main;
				INFOPLIST_KEY_UISupportedInterfaceOrientations_iPad = "UIInterfaceOrientationPortrait UIInterfaceOrientationPortraitUpsideDown UIInterfaceOrientationLandscapeLeft UIInterfaceOrientationLandscapeRight";
				INFOPLIST_KEY_UISupportedInterfaceOrientations_iPhone = "UIInterfaceOrientationPortrait UIInterfaceOrientationLandscapeLeft UIInterfaceOrientationLandscapeRight";
				LD_RUNPATH_SEARCH_PATHS = (
					"$(inherited)",
					"@executable_path/Frameworks",
				);
				MARKETING_VERSION = 1.0;
				PRODUCT_BUNDLE_IDENTIFIER = app.watanabe.soi.MentorBook;
				PRODUCT_NAME = "$(TARGET_NAME)";
				SWIFT_EMIT_LOC_STRINGS = YES;
				SWIFT_VERSION = 5.0;
				TARGETED_DEVICE_FAMILY = "1,2";
			};
			name = Release;
		};
		EB531A2328B8BC7800966574 /* Debug */ = {
			isa = XCBuildConfiguration;
			buildSettings = {
				ALWAYS_EMBED_SWIFT_STANDARD_LIBRARIES = YES;
				BUNDLE_LOADER = "$(TEST_HOST)";
				CODE_SIGN_STYLE = Automatic;
				CURRENT_PROJECT_VERSION = 1;
				GENERATE_INFOPLIST_FILE = YES;
				IPHONEOS_DEPLOYMENT_TARGET = 15.5;
				MARKETING_VERSION = 1.0;
				PRODUCT_BUNDLE_IDENTIFIER = app.watanabe.soi.MentorBookTests;
				PRODUCT_NAME = "$(TARGET_NAME)";
				SWIFT_EMIT_LOC_STRINGS = NO;
				SWIFT_VERSION = 5.0;
				TARGETED_DEVICE_FAMILY = "1,2";
				TEST_HOST = "$(BUILT_PRODUCTS_DIR)/MentorBook.app/MentorBook";
			};
			name = Debug;
		};
		EB531A2428B8BC7800966574 /* Release */ = {
			isa = XCBuildConfiguration;
			buildSettings = {
				ALWAYS_EMBED_SWIFT_STANDARD_LIBRARIES = YES;
				BUNDLE_LOADER = "$(TEST_HOST)";
				CODE_SIGN_STYLE = Automatic;
				CURRENT_PROJECT_VERSION = 1;
				GENERATE_INFOPLIST_FILE = YES;
				IPHONEOS_DEPLOYMENT_TARGET = 15.5;
				MARKETING_VERSION = 1.0;
				PRODUCT_BUNDLE_IDENTIFIER = app.watanabe.soi.MentorBookTests;
				PRODUCT_NAME = "$(TARGET_NAME)";
				SWIFT_EMIT_LOC_STRINGS = NO;
				SWIFT_VERSION = 5.0;
				TARGETED_DEVICE_FAMILY = "1,2";
				TEST_HOST = "$(BUILT_PRODUCTS_DIR)/MentorBook.app/MentorBook";
			};
			name = Release;
		};
		EB531A2628B8BC7800966574 /* Debug */ = {
			isa = XCBuildConfiguration;
			buildSettings = {
				ALWAYS_EMBED_SWIFT_STANDARD_LIBRARIES = YES;
				CODE_SIGN_STYLE = Automatic;
				CURRENT_PROJECT_VERSION = 1;
				GENERATE_INFOPLIST_FILE = YES;
				MARKETING_VERSION = 1.0;
				PRODUCT_BUNDLE_IDENTIFIER = app.watanabe.soi.MentorBookUITests;
				PRODUCT_NAME = "$(TARGET_NAME)";
				SWIFT_EMIT_LOC_STRINGS = NO;
				SWIFT_VERSION = 5.0;
				TARGETED_DEVICE_FAMILY = "1,2";
				TEST_TARGET_NAME = MentorBook;
			};
			name = Debug;
		};
		EB531A2728B8BC7800966574 /* Release */ = {
			isa = XCBuildConfiguration;
			buildSettings = {
				ALWAYS_EMBED_SWIFT_STANDARD_LIBRARIES = YES;
				CODE_SIGN_STYLE = Automatic;
				CURRENT_PROJECT_VERSION = 1;
				GENERATE_INFOPLIST_FILE = YES;
				MARKETING_VERSION = 1.0;
				PRODUCT_BUNDLE_IDENTIFIER = app.watanabe.soi.MentorBookUITests;
				PRODUCT_NAME = "$(TARGET_NAME)";
				SWIFT_EMIT_LOC_STRINGS = NO;
				SWIFT_VERSION = 5.0;
				TARGETED_DEVICE_FAMILY = "1,2";
				TEST_TARGET_NAME = MentorBook;
			};
			name = Release;
		};
/* End XCBuildConfiguration section */

/* Begin XCConfigurationList section */
		EB5319F028B8BC7700966574 /* Build configuration list for PBXProject "MentorBook" */ = {
			isa = XCConfigurationList;
			buildConfigurations = (
				EB531A1D28B8BC7800966574 /* Debug */,
				EB531A1E28B8BC7800966574 /* Release */,
			);
			defaultConfigurationIsVisible = 0;
			defaultConfigurationName = Release;
		};
		EB531A1F28B8BC7800966574 /* Build configuration list for PBXNativeTarget "MentorBook" */ = {
			isa = XCConfigurationList;
			buildConfigurations = (
				EB531A2028B8BC7800966574 /* Debug */,
				EB531A2128B8BC7800966574 /* Release */,
			);
			defaultConfigurationIsVisible = 0;
			defaultConfigurationName = Release;
		};
		EB531A2228B8BC7800966574 /* Build configuration list for PBXNativeTarget "MentorBookTests" */ = {
			isa = XCConfigurationList;
			buildConfigurations = (
				EB531A2328B8BC7800966574 /* Debug */,
				EB531A2428B8BC7800966574 /* Release */,
			);
			defaultConfigurationIsVisible = 0;
			defaultConfigurationName = Release;
		};
		EB531A2528B8BC7800966574 /* Build configuration list for PBXNativeTarget "MentorBookUITests" */ = {
			isa = XCConfigurationList;
			buildConfigurations = (
				EB531A2628B8BC7800966574 /* Debug */,
				EB531A2728B8BC7800966574 /* Release */,
			);
			defaultConfigurationIsVisible = 0;
			defaultConfigurationName = Release;
		};
/* End XCConfigurationList section */
	};
	rootObject = EB5319ED28B8BC7700966574 /* Project object */;
}
